// !$*UTF8*$!
{
	archiveVersion = 1;
	classes = {
	};
	objectVersion = 46;
	objects = {

/* Begin PBXBuildFile section */
		1D2324401E65C13100D0FEFB /* main.m in Sources */ = {isa = PBXBuildFile; fileRef = 1D23243F1E65C13100D0FEFB /* main.m */; };
		1D2324431E65C13100D0FEFB /* AppDelegate.m in Sources */ = {isa = PBXBuildFile; fileRef = 1D2324421E65C13100D0FEFB /* AppDelegate.m */; };
		1D2324461E65C13100D0FEFB /* ViewController.m in Sources */ = {isa = PBXBuildFile; fileRef = 1D2324451E65C13100D0FEFB /* ViewController.m */; };
		1D2324491E65C13100D0FEFB /* Main.storyboard in Resources */ = {isa = PBXBuildFile; fileRef = 1D2324471E65C13100D0FEFB /* Main.storyboard */; };
		1D23244B1E65C13100D0FEFB /* Assets.xcassets in Resources */ = {isa = PBXBuildFile; fileRef = 1D23244A1E65C13100D0FEFB /* Assets.xcassets */; };
		1D23244E1E65C13100D0FEFB /* LaunchScreen.storyboard in Resources */ = {isa = PBXBuildFile; fileRef = 1D23244C1E65C13100D0FEFB /* LaunchScreen.storyboard */; };
/* End PBXBuildFile section */

/* Begin PBXFileReference section */
		1D23243B1E65C13100D0FEFB /* Calculator.app */ = {isa = PBXFileReference; explicitFileType = wrapper.application; includeInIndex = 0; path = Calculator.app; sourceTree = BUILT_PRODUCTS_DIR; };
		1D23243F1E65C13100D0FEFB /* main.m */ = {isa = PBXFileReference; lastKnownFileType = sourcecode.c.objc; path = main.m; sourceTree = "<group>"; };
		1D2324411E65C13100D0FEFB /* AppDelegate.h */ = {isa = PBXFileReference; lastKnownFileType = sourcecode.c.h; path = AppDelegate.h; sourceTree = "<group>"; };
		1D2324421E65C13100D0FEFB /* AppDelegate.m */ = {isa = PBXFileReference; lastKnownFileType = sourcecode.c.objc; path = AppDelegate.m; sourceTree = "<group>"; };
		1D2324441E65C13100D0FEFB /* ViewController.h */ = {isa = PBXFileReference; lastKnownFileType = sourcecode.c.h; path = ViewController.h; sourceTree = "<group>"; };
		1D2324451E65C13100D0FEFB /* ViewController.m */ = {isa = PBXFileReference; lastKnownFileType = sourcecode.c.objc; path = ViewController.m; sourceTree = "<group>"; };
		1D2324481E65C13100D0FEFB /* Base */ = {isa = PBXFileReference; lastKnownFileType = file.storyboard; name = Base; path = Base.lproj/Main.storyboard; sourceTree = "<group>"; };
		1D23244A1E65C13100D0FEFB /* Assets.xcassets */ = {isa = PBXFileReference; lastKnownFileType = folder.assetcatalog; path = Assets.xcassets; sourceTree = "<group>"; };
		1D23244D1E65C13100D0FEFB /* Base */ = {isa = PBXFileReference; lastKnownFileType = file.storyboard; name = Base; path = Base.lproj/LaunchScreen.storyboard; sourceTree = "<group>"; };
		1D23244F1E65C13100D0FEFB /* Info.plist */ = {isa = PBXFileReference; lastKnownFileType = text.plist.xml; path = Info.plist; sourceTree = "<group>"; };
/* End PBXFileReference section */

/* Begin PBXFrameworksBuildPhase section */
		1D2324381E65C13100D0FEFB /* Frameworks */ = {
			isa = PBXFrameworksBuildPhase;
			buildActionMask = 2147483647;
			files = (
			);
			runOnlyForDeploymentPostprocessing = 0;
		};
/* End PBXFrameworksBuildPhase section */

/* Begin PBXGroup section */
		1D2324321E65C13100D0FEFB = {
			isa = PBXGroup;
			children = (
				1D23243D1E65C13100D0FEFB /* Calculator */,
				1D23243C1E65C13100D0FEFB /* Products */,
			);
			sourceTree = "<group>";
		};
		1D23243C1E65C13100D0FEFB /* Products */ = {
			isa = PBXGroup;
			children = (
				1D23243B1E65C13100D0FEFB /* Calculator.app */,
			);
			name = Products;
			sourceTree = "<group>";
		};
		1D23243D1E65C13100D0FEFB /* Calculator */ = {
			isa = PBXGroup;
			children = (
				1D2324411E65C13100D0FEFB /* AppDelegate.h */,
				1D2324421E65C13100D0FEFB /* AppDelegate.m */,
				1D2324441E65C13100D0FEFB /* ViewController.h */,
				1D2324451E65C13100D0FEFB /* ViewController.m */,
				1D2324471E65C13100D0FEFB /* Main.storyboard */,
				1D23244A1E65C13100D0FEFB /* Assets.xcassets */,
				1D23244C1E65C13100D0FEFB /* LaunchScreen.storyboard */,
				1D23244F1E65C13100D0FEFB /* Info.plist */,
				1D23243E1E65C13100D0FEFB /* Supporting Files */,
			);
			path = Calculator;
			sourceTree = "<group>";
		};
		1D23243E1E65C13100D0FEFB /* Supporting Files */ = {
			isa = PBXGroup;
			children = (
				1D23243F1E65C13100D0FEFB /* main.m */,
			);
			name = "Supporting Files";
			sourceTree = "<group>";
		};
/* End PBXGroup section */

/* Begin PBXNativeTarget section */
		1D23243A1E65C13100D0FEFB /* Calculator */ = {
			isa = PBXNativeTarget;
			buildConfigurationList = 1D2324521E65C13100D0FEFB /* Build configuration list for PBXNativeTarget "Calculator" */;
			buildPhases = (
				1D2324371E65C13100D0FEFB /* Sources */,
				1D2324381E65C13100D0FEFB /* Frameworks */,
				1D2324391E65C13100D0FEFB /* Resources */,
			);
			buildRules = (
			);
			dependencies = (
			);
			name = Calculator;
			productName = Calculator;
			productReference = 1D23243B1E65C13100D0FEFB /* Calculator.app */;
			productType = "com.apple.product-type.application";
		};
/* End PBXNativeTarget section */

/* Begin PBXProject section */
		1D2324331E65C13100D0FEFB /* Project object */ = {
			isa = PBXProject;
			attributes = {
				LastUpgradeCheck = 0820;
				ORGANIZATIONNAME = Nemetschek;
				TargetAttributes = {
					1D23243A1E65C13100D0FEFB = {
						CreatedOnToolsVersion = 8.2.1;
						ProvisioningStyle = Automatic;
					};
				};
			};
			buildConfigurationList = 1D2324361E65C13100D0FEFB /* Build configuration list for PBXProject "Calculator" */;
			compatibilityVersion = "Xcode 3.2";
			developmentRegion = English;
			hasScannedForEncodings = 0;
			knownRegions = (
				en,
				Base,
			);
			mainGroup = 1D2324321E65C13100D0FEFB;
			productRefGroup = 1D23243C1E65C13100D0FEFB /* Products */;
			projectDirPath = "";
			projectRoot = "";
			targets = (
				1D23243A1E65C13100D0FEFB /* Calculator */,
			);
		};
/* End PBXProject section */

/* Begin PBXResourcesBuildPhase section */
		1D2324391E65C13100D0FEFB /* Resources */ = {
			isa = PBXResourcesBuildPhase;
			buildActionMask = 2147483647;
			files = (
				1D23244E1E65C13100D0FEFB /* LaunchScreen.storyboard in Resources */,
				1D23244B1E65C13100D0FEFB /* Assets.xcassets in Resources */,
				1D2324491E65C13100D0FEFB /* Main.storyboard in Resources */,
			);
			runOnlyForDeploymentPostprocessing = 0;
		};
/* End PBXResourcesBuildPhase section */

/* Begin PBXSourcesBuildPhase section */
		1D2324371E65C13100D0FEFB /* Sources */ = {
			isa = PBXSourcesBuildPhase;
			buildActionMask = 2147483647;
			files = (
				1D2324461E65C13100D0FEFB /* ViewController.m in Sources */,
				1D2324431E65C13100D0FEFB /* AppDelegate.m in Sources */,
				1D2324401E65C13100D0FEFB /* main.m in Sources */,
			);
			runOnlyForDeploymentPostprocessing = 0;
		};
/* End PBXSourcesBuildPhase section */

/* Begin PBXVariantGroup section */
		1D2324471E65C13100D0FEFB /* Main.storyboard */ = {
			isa = PBXVariantGroup;
			children = (
				1D2324481E65C13100D0FEFB /* Base */,
			);
			name = Main.storyboard;
			sourceTree = "<group>";
		};
		1D23244C1E65C13100D0FEFB /* LaunchScreen.storyboard */ = {
			isa = PBXVariantGroup;
			children = (
				1D23244D1E65C13100D0FEFB /* Base */,
			);
			name = LaunchScreen.storyboard;
			sourceTree = "<group>";
		};
/* End PBXVariantGroup section */

/* Begin XCBuildConfiguration section */
		1D2324501E65C13100D0FEFB /* Debug */ = {
			isa = XCBuildConfiguration;
			buildSettings = {
				ALWAYS_SEARCH_USER_PATHS = NO;
				CLANG_ANALYZER_NONNULL = YES;
				CLANG_CXX_LANGUAGE_STANDARD = "gnu++0x";
				CLANG_CXX_LIBRARY = "libc++";
				CLANG_ENABLE_MODULES = YES;
				CLANG_ENABLE_OBJC_ARC = YES;
				CLANG_WARN_BOOL_CONVERSION = YES;
				CLANG_WARN_CONSTANT_CONVERSION = YES;
				CLANG_WARN_DIRECT_OBJC_ISA_USAGE = YES_ERROR;
				CLANG_WARN_DOCUMENTATION_COMMENTS = YES;
				CLANG_WARN_EMPTY_BODY = YES;
				CLANG_WARN_ENUM_CONVERSION = YES;
				CLANG_WARN_INFINITE_RECURSION = YES;
				CLANG_WARN_INT_CONVERSION = YES;
				CLANG_WARN_OBJC_ROOT_CLASS = YES_ERROR;
				CLANG_WARN_SUSPICIOUS_MOVE = YES;
				CLANG_WARN_UNREACHABLE_CODE = YES;
				CLANG_WARN__DUPLICATE_METHOD_MATCH = YES;
				"CODE_SIGN_IDENTITY[sdk=iphoneos*]" = "iPhone Developer";
				COPY_PHASE_STRIP = NO;
				DEBUG_INFORMATION_FORMAT = dwarf;
				ENABLE_STRICT_OBJC_MSGSEND = YES;
				ENABLE_TESTABILITY = YES;
				GCC_C_LANGUAGE_STANDARD = gnu99;
				GCC_DYNAMIC_NO_PIC = NO;
				GCC_NO_COMMON_BLOCKS = YES;
				GCC_OPTIMIZATION_LEVEL = 0;
				GCC_PREPROCESSOR_DEFINITIONS = (
					"DEBUG=1",
					"$(inherited)",
				);
				GCC_WARN_64_TO_32_BIT_CONVERSION = YES;
				GCC_WARN_ABOUT_RETURN_TYPE = YES_ERROR;
				GCC_WARN_UNDECLARED_SELECTOR = YES;
				GCC_WARN_UNINITIALIZED_AUTOS = YES_AGGRESSIVE;
				GCC_WARN_UNUSED_FUNCTION = YES;
				GCC_WARN_UNUSED_VARIABLE = YES;
				IPHONEOS_DEPLOYMENT_TARGET = 10.2;
				MTL_ENABLE_DEBUG_INFO = YES;
				ONLY_ACTIVE_ARCH = YES;
				SDKROOT = iphoneos;
				TARGETED_DEVICE_FAMILY = "1,2";
			};
			name = Debug;
		};
		1D2324511E65C13100D0FEFB /* Release */ = {
			isa = XCBuildConfiguration;
			buildSettings = {
				ALWAYS_SEARCH_USER_PATHS = NO;
				CLANG_ANALYZER_NONNULL = YES;
				CLANG_CXX_LANGUAGE_STANDARD = "gnu++0x";
				CLANG_CXX_LIBRARY = "libc++";
				CLANG_ENABLE_MODULES = YES;
				CLANG_ENABLE_OBJC_ARC = YES;
				CLANG_WARN_BOOL_CONVERSION = YES;
				CLANG_WARN_CONSTANT_CONVERSION = YES;
				CLANG_WARN_DIRECT_OBJC_ISA_USAGE = YES_ERROR;
				CLANG_WARN_DOCUMENTATION_COMMENTS = YES;
				CLANG_WARN_EMPTY_BODY = YES;
				CLANG_WARN_ENUM_CONVERSION = YES;
				CLANG_WARN_INFINITE_RECURSION = YES;
				CLANG_WARN_INT_CONVERSION = YES;
				CLANG_WARN_OBJC_ROOT_CLASS = YES_ERROR;
				CLANG_WARN_SUSPICIOUS_MOVE = YES;
				CLANG_WARN_UNREACHABLE_CODE = YES;
				CLANG_WARN__DUPLICATE_METHOD_MATCH = YES;
				"CODE_SIGN_IDENTITY[sdk=iphoneos*]" = "iPhone Developer";
				COPY_PHASE_STRIP = NO;
				DEBUG_INFORMATION_FORMAT = "dwarf-with-dsym";
				ENABLE_NS_ASSERTIONS = NO;
				ENABLE_STRICT_OBJC_MSGSEND = YES;
				GCC_C_LANGUAGE_STANDARD = gnu99;
				GCC_NO_COMMON_BLOCKS = YES;
				GCC_WARN_64_TO_32_BIT_CONVERSION = YES;
				GCC_WARN_ABOUT_RETURN_TYPE = YES_ERROR;
				GCC_WARN_UNDECLARED_SELECTOR = YES;
				GCC_WARN_UNINITIALIZED_AUTOS = YES_AGGRESSIVE;
				GCC_WARN_UNUSED_FUNCTION = YES;
				GCC_WARN_UNUSED_VARIABLE = YES;
				IPHONEOS_DEPLOYMENT_TARGET = 10.2;
				MTL_ENABLE_DEBUG_INFO = NO;
				SDKROOT = iphoneos;
				TARGETED_DEVICE_FAMILY = "1,2";
				VALIDATE_PRODUCT = YES;
			};
			name = Release;
		};
		1D2324531E65C13100D0FEFB /* Debug */ = {
			isa = XCBuildConfiguration;
			buildSettings = {
				ASSETCATALOG_COMPILER_APPICON_NAME = AppIcon;
				INFOPLIST_FILE = Calculator/Info.plist;
				LD_RUNPATH_SEARCH_PATHS = "$(inherited) @executable_path/Frameworks";
				PRODUCT_BUNDLE_IDENTIFIER = bg.nemetschek.Calculator;
				PRODUCT_NAME = "$(TARGET_NAME)";
			};
			name = Debug;
		};
		1D2324541E65C13100D0FEFB /* Release */ = {
			isa = XCBuildConfiguration;
			buildSettings = {
				ASSETCATALOG_COMPILER_APPICON_NAME = AppIcon;
				INFOPLIST_FILE = Calculator/Info.plist;
				LD_RUNPATH_SEARCH_PATHS = "$(inherited) @executable_path/Frameworks";
				PRODUCT_BUNDLE_IDENTIFIER = bg.nemetschek.Calculator;
				PRODUCT_NAME = "$(TARGET_NAME)";
			};
			name = Release;
		};
/* End XCBuildConfiguration section */

/* Begin XCConfigurationList section */
		1D2324361E65C13100D0FEFB /* Build configuration list for PBXProject "Calculator" */ = {
			isa = XCConfigurationList;
			buildConfigurations = (
				1D2324501E65C13100D0FEFB /* Debug */,
				1D2324511E65C13100D0FEFB /* Release */,
			);
			defaultConfigurationIsVisible = 0;
			defaultConfigurationName = Release;
		};
		1D2324521E65C13100D0FEFB /* Build configuration list for PBXNativeTarget "Calculator" */ = {
			isa = XCConfigurationList;
			buildConfigurations = (
				1D2324531E65C13100D0FEFB /* Debug */,
				1D2324541E65C13100D0FEFB /* Release */,
			);
			defaultConfigurationIsVisible = 0;
		};
/* End XCConfigurationList section */
	};
	rootObject = 1D2324331E65C13100D0FEFB /* Project object */;
}
